
Microsoft Visual Studio Solution File, Format Version 12.00
# Visual Studio Version 17
VisualStudioVersion = 17.8.34511.84
MinimumVisualStudioVersion = 10.0.40219.1
Project("{2150E333-8FDC-42A3-9474-1A3956D46DE8}") = "Business Logic - BL", "Business Logic - BL", "{B840C875-5BC4-444E-BB6C-321D3A11313C}"
EndProject
Project("{2150E333-8FDC-42A3-9474-1A3956D46DE8}") = "Data Access Layer - DAL", "Data Access Layer - DAL", "{F7F1781F-04B3-40E5-8495-E369A34C63D0}"
EndProject
Project("{2150E333-8FDC-42A3-9474-1A3956D46DE8}") = "Entities - EN", "Entities - EN", "{F7846B5D-E5CA-4B71-A553-B8B31ECD310A}"
EndProject
Project("{2150E333-8FDC-42A3-9474-1A3956D46DE8}") = "User Interface - UI", "User Interface - UI", "{35DC1F06-B86E-492B-A134-55112E326974}"
EndProject
Global
	GlobalSection(SolutionProperties) = preSolution
		HideSolutionNode = FALSE
	EndGlobalSection
	GlobalSection(ExtensibilityGlobals) = postSolution
		SolutionGuid = {E331D4EB-DF36-44CB-A5A3-1D2E1BC51DBF}
	EndGlobalSection
EndGlobal
