
Microsoft Visual Studio Solution File, Format Version 12.00
# Visual Studio Version 17
VisualStudioVersion = 17.8.34511.84
MinimumVisualStudioVersion = 10.0.40219.1
Project("{2150E333-8FDC-42A3-9474-1A3956D46DE8}") = "Business Logic - BL", "Business Logic - BL", "{B840C875-5BC4-444E-BB6C-321D3A11313C}"
EndProject
Project("{2150E333-8FDC-42A3-9474-1A3956D46DE8}") = "Data Access Layer - DAL", "Data Access Layer - DAL", "{F7F1781F-04B3-40E5-8495-E369A34C63D0}"
EndProject
Project("{2150E333-8FDC-42A3-9474-1A3956D46DE8}") = "Entities - EN", "Entities - EN", "{F7846B5D-E5CA-4B71-A553-B8B31ECD310A}"
EndProject
Project("{2150E333-8FDC-42A3-9474-1A3956D46DE8}") = "User Interface - UI", "User Interface - UI", "{35DC1F06-B86E-492B-A134-55112E326974}"
EndProject
Project("{9A19103F-16F7-4668-BE54-9A1E7A4F7556}") = "Huellitas.SysVeterinaria.BL", "Huellitas.SysVeterinaria.BL\Huellitas.SysVeterinaria.BL.csproj", "{CAA64ED7-5254-4F01-A5E3-A2EF4087C699}"
EndProject
Project("{9A19103F-16F7-4668-BE54-9A1E7A4F7556}") = "Huellitas.SysVeterinaria.DAL", "Huellitas.SysVeterinaria.DAL\Huellitas.SysVeterinaria.DAL.csproj", "{FEAABAE8-4223-46CC-8F63-F5C963167939}"
EndProject
Project("{9A19103F-16F7-4668-BE54-9A1E7A4F7556}") = "Huellitas.SysVeterinaria.EN", "Huellitas.SysVeterinaria.EN\Huellitas.SysVeterinaria.EN.csproj", "{6B9FB172-A698-4AFE-B6F1-4B47FD1AE594}"
EndProject
Project("{9A19103F-16F7-4668-BE54-9A1E7A4F7556}") = "Huellitas.SysVeterinaria.Web", "Huellitas.SysVeterinaria.Web\Huellitas.SysVeterinaria.Web.csproj", "{F9A0B483-A52B-4065-9E1C-AD862A1E1B61}"
EndProject
Global
	GlobalSection(SolutionConfigurationPlatforms) = preSolution
		Debug|Any CPU = Debug|Any CPU
		Release|Any CPU = Release|Any CPU
	EndGlobalSection
	GlobalSection(ProjectConfigurationPlatforms) = postSolution
		{CAA64ED7-5254-4F01-A5E3-A2EF4087C699}.Debug|Any CPU.ActiveCfg = Debug|Any CPU
		{CAA64ED7-5254-4F01-A5E3-A2EF4087C699}.Debug|Any CPU.Build.0 = Debug|Any CPU
		{CAA64ED7-5254-4F01-A5E3-A2EF4087C699}.Release|Any CPU.ActiveCfg = Release|Any CPU
		{CAA64ED7-5254-4F01-A5E3-A2EF4087C699}.Release|Any CPU.Build.0 = Release|Any CPU
		{FEAABAE8-4223-46CC-8F63-F5C963167939}.Debug|Any CPU.ActiveCfg = Debug|Any CPU
		{FEAABAE8-4223-46CC-8F63-F5C963167939}.Debug|Any CPU.Build.0 = Debug|Any CPU
		{FEAABAE8-4223-46CC-8F63-F5C963167939}.Release|Any CPU.ActiveCfg = Release|Any CPU
		{FEAABAE8-4223-46CC-8F63-F5C963167939}.Release|Any CPU.Build.0 = Release|Any CPU
		{6B9FB172-A698-4AFE-B6F1-4B47FD1AE594}.Debug|Any CPU.ActiveCfg = Debug|Any CPU
		{6B9FB172-A698-4AFE-B6F1-4B47FD1AE594}.Debug|Any CPU.Build.0 = Debug|Any CPU
		{6B9FB172-A698-4AFE-B6F1-4B47FD1AE594}.Release|Any CPU.ActiveCfg = Release|Any CPU
		{6B9FB172-A698-4AFE-B6F1-4B47FD1AE594}.Release|Any CPU.Build.0 = Release|Any CPU
		{F9A0B483-A52B-4065-9E1C-AD862A1E1B61}.Debug|Any CPU.ActiveCfg = Debug|Any CPU
		{F9A0B483-A52B-4065-9E1C-AD862A1E1B61}.Debug|Any CPU.Build.0 = Debug|Any CPU
		{F9A0B483-A52B-4065-9E1C-AD862A1E1B61}.Release|Any CPU.ActiveCfg = Release|Any CPU
		{F9A0B483-A52B-4065-9E1C-AD862A1E1B61}.Release|Any CPU.Build.0 = Release|Any CPU
	EndGlobalSection
	GlobalSection(SolutionProperties) = preSolution
		HideSolutionNode = FALSE
	EndGlobalSection
	GlobalSection(NestedProjects) = preSolution
		{CAA64ED7-5254-4F01-A5E3-A2EF4087C699} = {B840C875-5BC4-444E-BB6C-321D3A11313C}
		{FEAABAE8-4223-46CC-8F63-F5C963167939} = {F7F1781F-04B3-40E5-8495-E369A34C63D0}
		{6B9FB172-A698-4AFE-B6F1-4B47FD1AE594} = {F7846B5D-E5CA-4B71-A553-B8B31ECD310A}
		{F9A0B483-A52B-4065-9E1C-AD862A1E1B61} = {35DC1F06-B86E-492B-A134-55112E326974}
	EndGlobalSection
	GlobalSection(ExtensibilityGlobals) = postSolution
		SolutionGuid = {E331D4EB-DF36-44CB-A5A3-1D2E1BC51DBF}
	EndGlobalSection
EndGlobal
